// !$*UTF8*$!
{
	archiveVersion = 1;
	classes = {
	};
	objectVersion = 56;
	objects = {

/* Begin PBXBuildFile section */
		E86DAA312C36F0AB006777C2 /* Social_MediaApp.swift in Sources */ = {isa = PBXBuildFile; fileRef = E86DAA302C36F0AB006777C2 /* Social_MediaApp.swift */; };
		E86DAA332C36F0AB006777C2 /* ContentView.swift in Sources */ = {isa = PBXBuildFile; fileRef = E86DAA322C36F0AB006777C2 /* ContentView.swift */; };
		E86DAA352C36F0AC006777C2 /* Assets.xcassets in Resources */ = {isa = PBXBuildFile; fileRef = E86DAA342C36F0AC006777C2 /* Assets.xcassets */; };
		E86DAA382C36F0AC006777C2 /* Preview Assets.xcassets in Resources */ = {isa = PBXBuildFile; fileRef = E86DAA372C36F0AC006777C2 /* Preview Assets.xcassets */; };
		E86DAA4D2C36F24E006777C2 /* Home.swift in Sources */ = {isa = PBXBuildFile; fileRef = E86DAA4C2C36F24E006777C2 /* Home.swift */; };
		E86DAA4F2C36F5E2006777C2 /* Feed.swift in Sources */ = {isa = PBXBuildFile; fileRef = E86DAA4E2C36F5E2006777C2 /* Feed.swift */; };
		E86DAA512C36F5F1006777C2 /* Notification.swift in Sources */ = {isa = PBXBuildFile; fileRef = E86DAA502C36F5F1006777C2 /* Notification.swift */; };
		E86DAA532C36F600006777C2 /* Search.swift in Sources */ = {isa = PBXBuildFile; fileRef = E86DAA522C36F600006777C2 /* Search.swift */; };
		E86DAA552C36F610006777C2 /* Messages.swift in Sources */ = {isa = PBXBuildFile; fileRef = E86DAA542C36F610006777C2 /* Messages.swift */; };
		E86DAA572C37016A006777C2 /* CreatePostView.swift in Sources */ = {isa = PBXBuildFile; fileRef = E86DAA562C37016A006777C2 /* CreatePostView.swift */; };
		E86DAA5B2C370725006777C2 /* MultilineTextField.swift in Sources */ = {isa = PBXBuildFile; fileRef = E86DAA5A2C370725006777C2 /* MultilineTextField.swift */; };
/* End PBXBuildFile section */

/* Begin PBXFileReference section */
		E86DAA2D2C36F0AB006777C2 /* Social-Media.app */ = {isa = PBXFileReference; explicitFileType = wrapper.application; includeInIndex = 0; path = "Social-Media.app"; sourceTree = BUILT_PRODUCTS_DIR; };
		E86DAA302C36F0AB006777C2 /* Social_MediaApp.swift */ = {isa = PBXFileReference; lastKnownFileType = sourcecode.swift; path = Social_MediaApp.swift; sourceTree = "<group>"; };
		E86DAA322C36F0AB006777C2 /* ContentView.swift */ = {isa = PBXFileReference; lastKnownFileType = sourcecode.swift; path = ContentView.swift; sourceTree = "<group>"; };
		E86DAA342C36F0AC006777C2 /* Assets.xcassets */ = {isa = PBXFileReference; lastKnownFileType = folder.assetcatalog; path = Assets.xcassets; sourceTree = "<group>"; };
		E86DAA372C36F0AC006777C2 /* Preview Assets.xcassets */ = {isa = PBXFileReference; lastKnownFileType = folder.assetcatalog; path = "Preview Assets.xcassets"; sourceTree = "<group>"; };
		E86DAA4C2C36F24E006777C2 /* Home.swift */ = {isa = PBXFileReference; lastKnownFileType = sourcecode.swift; path = Home.swift; sourceTree = "<group>"; };
		E86DAA4E2C36F5E2006777C2 /* Feed.swift */ = {isa = PBXFileReference; lastKnownFileType = sourcecode.swift; path = Feed.swift; sourceTree = "<group>"; };
		E86DAA502C36F5F1006777C2 /* Notification.swift */ = {isa = PBXFileReference; lastKnownFileType = sourcecode.swift; path = Notification.swift; sourceTree = "<group>"; };
		E86DAA522C36F600006777C2 /* Search.swift */ = {isa = PBXFileReference; lastKnownFileType = sourcecode.swift; path = Search.swift; sourceTree = "<group>"; };
		E86DAA542C36F610006777C2 /* Messages.swift */ = {isa = PBXFileReference; lastKnownFileType = sourcecode.swift; path = Messages.swift; sourceTree = "<group>"; };
		E86DAA562C37016A006777C2 /* CreatePostView.swift */ = {isa = PBXFileReference; lastKnownFileType = sourcecode.swift; path = CreatePostView.swift; sourceTree = "<group>"; };
		E86DAA5A2C370725006777C2 /* MultilineTextField.swift */ = {isa = PBXFileReference; lastKnownFileType = sourcecode.swift; path = MultilineTextField.swift; sourceTree = "<group>"; };
/* End PBXFileReference section */

/* Begin PBXFrameworksBuildPhase section */
		E86DAA2A2C36F0AB006777C2 /* Frameworks */ = {
			isa = PBXFrameworksBuildPhase;
			buildActionMask = 2147483647;
			files = (
			);
			runOnlyForDeploymentPostprocessing = 0;
		};
/* End PBXFrameworksBuildPhase section */

/* Begin PBXGroup section */
		E86DAA242C36F0AB006777C2 = {
			isa = PBXGroup;
			children = (
				E86DAA2F2C36F0AB006777C2 /* Social-Media */,
				E86DAA2E2C36F0AB006777C2 /* Products */,
			);
			sourceTree = "<group>";
		};
		E86DAA2E2C36F0AB006777C2 /* Products */ = {
			isa = PBXGroup;
			children = (
				E86DAA2D2C36F0AB006777C2 /* Social-Media.app */,
			);
			name = Products;
			sourceTree = "<group>";
		};
		E86DAA2F2C36F0AB006777C2 /* Social-Media */ = {
			isa = PBXGroup;
			children = (
				E86DAA422C36F145006777C2 /* Extensions */,
				E86DAA412C36F126006777C2 /* Services */,
				E86DAA402C36F112006777C2 /* Model */,
				E86DAA3F2C36F0FD006777C2 /* ViewModel */,
				E86DAA3E2C36F0F4006777C2 /* View */,
				E86DAA302C36F0AB006777C2 /* Social_MediaApp.swift */,
				E86DAA322C36F0AB006777C2 /* ContentView.swift */,
				E86DAA342C36F0AC006777C2 /* Assets.xcassets */,
				E86DAA362C36F0AC006777C2 /* Preview Content */,
			);
			path = "Social-Media";
			sourceTree = "<group>";
		};
		E86DAA362C36F0AC006777C2 /* Preview Content */ = {
			isa = PBXGroup;
			children = (
				E86DAA372C36F0AC006777C2 /* Preview Assets.xcassets */,
			);
			path = "Preview Content";
			sourceTree = "<group>";
		};
		E86DAA3E2C36F0F4006777C2 /* View */ = {
			isa = PBXGroup;
			children = (
				E86DAA4B2C36F204006777C2 /* Main */,
				E86DAA4A2C36F1F4006777C2 /* Feed */,
				E86DAA492C36F1E5006777C2 /* Search */,
				E86DAA482C36F1D3006777C2 /* Notifications */,
				E86DAA472C36F1CB006777C2 /* Messages */,
				E86DAA462C36F1B3006777C2 /* Profile */,
				E86DAA452C36F1AC006777C2 /* Post */,
				E86DAA442C36F18F006777C2 /* Items */,
				E86DAA432C36F187006777C2 /* Authentication */,
			);
			path = View;
			sourceTree = "<group>";
		};
		E86DAA3F2C36F0FD006777C2 /* ViewModel */ = {
			isa = PBXGroup;
			children = (
			);
			path = ViewModel;
			sourceTree = "<group>";
		};
		E86DAA402C36F112006777C2 /* Model */ = {
			isa = PBXGroup;
			children = (
			);
			path = Model;
			sourceTree = "<group>";
		};
		E86DAA412C36F126006777C2 /* Services */ = {
			isa = PBXGroup;
			children = (
			);
			path = Services;
			sourceTree = "<group>";
		};
		E86DAA422C36F145006777C2 /* Extensions */ = {
			isa = PBXGroup;
			children = (
			);
			path = Extensions;
			sourceTree = "<group>";
		};
		E86DAA432C36F187006777C2 /* Authentication */ = {
			isa = PBXGroup;
			children = (
			);
			path = Authentication;
			sourceTree = "<group>";
		};
		E86DAA442C36F18F006777C2 /* Items */ = {
			isa = PBXGroup;
			children = (
				E86DAA5A2C370725006777C2 /* MultilineTextField.swift */,
			);
			path = Items;
			sourceTree = "<group>";
		};
		E86DAA452C36F1AC006777C2 /* Post */ = {
			isa = PBXGroup;
			children = (
				E86DAA562C37016A006777C2 /* CreatePostView.swift */,
			);
			path = Post;
			sourceTree = "<group>";
		};
		E86DAA462C36F1B3006777C2 /* Profile */ = {
			isa = PBXGroup;
			children = (
			);
			path = Profile;
			sourceTree = "<group>";
		};
		E86DAA472C36F1CB006777C2 /* Messages */ = {
			isa = PBXGroup;
			children = (
				E86DAA542C36F610006777C2 /* Messages.swift */,
			);
			path = Messages;
			sourceTree = "<group>";
		};
		E86DAA482C36F1D3006777C2 /* Notifications */ = {
			isa = PBXGroup;
			children = (
				E86DAA502C36F5F1006777C2 /* Notification.swift */,
			);
			path = Notifications;
			sourceTree = "<group>";
		};
		E86DAA492C36F1E5006777C2 /* Search */ = {
			isa = PBXGroup;
			children = (
				E86DAA522C36F600006777C2 /* Search.swift */,
			);
			path = Search;
			sourceTree = "<group>";
		};
		E86DAA4A2C36F1F4006777C2 /* Feed */ = {
			isa = PBXGroup;
			children = (
				E86DAA4E2C36F5E2006777C2 /* Feed.swift */,
			);
			path = Feed;
			sourceTree = "<group>";
		};
		E86DAA4B2C36F204006777C2 /* Main */ = {
			isa = PBXGroup;
			children = (
				E86DAA4C2C36F24E006777C2 /* Home.swift */,
			);
			path = Main;
			sourceTree = "<group>";
		};
/* End PBXGroup section */

/* Begin PBXNativeTarget section */
		E86DAA2C2C36F0AB006777C2 /* Social-Media */ = {
			isa = PBXNativeTarget;
			buildConfigurationList = E86DAA3B2C36F0AC006777C2 /* Build configuration list for PBXNativeTarget "Social-Media" */;
			buildPhases = (
				E86DAA292C36F0AB006777C2 /* Sources */,
				E86DAA2A2C36F0AB006777C2 /* Frameworks */,
				E86DAA2B2C36F0AB006777C2 /* Resources */,
			);
			buildRules = (
			);
			dependencies = (
			);
			name = "Social-Media";
			productName = "Social-Media";
			productReference = E86DAA2D2C36F0AB006777C2 /* Social-Media.app */;
			productType = "com.apple.product-type.application";
		};
/* End PBXNativeTarget section */

/* Begin PBXProject section */
		E86DAA252C36F0AB006777C2 /* Project object */ = {
			isa = PBXProject;
			attributes = {
				BuildIndependentTargetsInParallel = 1;
				LastSwiftUpdateCheck = 1540;
				LastUpgradeCheck = 1540;
				TargetAttributes = {
					E86DAA2C2C36F0AB006777C2 = {
						CreatedOnToolsVersion = 15.4;
					};
				};
			};
			buildConfigurationList = E86DAA282C36F0AB006777C2 /* Build configuration list for PBXProject "Social-Media" */;
			compatibilityVersion = "Xcode 14.0";
			developmentRegion = en;
			hasScannedForEncodings = 0;
			knownRegions = (
				en,
				Base,
			);
			mainGroup = E86DAA242C36F0AB006777C2;
			productRefGroup = E86DAA2E2C36F0AB006777C2 /* Products */;
			projectDirPath = "";
			projectRoot = "";
			targets = (
				E86DAA2C2C36F0AB006777C2 /* Social-Media */,
			);
		};
/* End PBXProject section */

/* Begin PBXResourcesBuildPhase section */
		E86DAA2B2C36F0AB006777C2 /* Resources */ = {
			isa = PBXResourcesBuildPhase;
			buildActionMask = 2147483647;
			files = (
				E86DAA382C36F0AC006777C2 /* Preview Assets.xcassets in Resources */,
				E86DAA352C36F0AC006777C2 /* Assets.xcassets in Resources */,
			);
			runOnlyForDeploymentPostprocessing = 0;
		};
/* End PBXResourcesBuildPhase section */

/* Begin PBXSourcesBuildPhase section */
		E86DAA292C36F0AB006777C2 /* Sources */ = {
			isa = PBXSourcesBuildPhase;
			buildActionMask = 2147483647;
			files = (
				E86DAA332C36F0AB006777C2 /* ContentView.swift in Sources */,
				E86DAA512C36F5F1006777C2 /* Notification.swift in Sources */,
				E86DAA4F2C36F5E2006777C2 /* Feed.swift in Sources */,
				E86DAA552C36F610006777C2 /* Messages.swift in Sources */,
				E86DAA572C37016A006777C2 /* CreatePostView.swift in Sources */,
				E86DAA532C36F600006777C2 /* Search.swift in Sources */,
				E86DAA5B2C370725006777C2 /* MultilineTextField.swift in Sources */,
				E86DAA4D2C36F24E006777C2 /* Home.swift in Sources */,
				E86DAA312C36F0AB006777C2 /* Social_MediaApp.swift in Sources */,
			);
			runOnlyForDeploymentPostprocessing = 0;
		};
/* End PBXSourcesBuildPhase section */

/* Begin XCBuildConfiguration section */
		E86DAA392C36F0AC006777C2 /* Debug */ = {
			isa = XCBuildConfiguration;
			buildSettings = {
				ALWAYS_SEARCH_USER_PATHS = NO;
				ASSETCATALOG_COMPILER_GENERATE_SWIFT_ASSET_SYMBOL_EXTENSIONS = YES;
				CLANG_ANALYZER_NONNULL = YES;
				CLANG_ANALYZER_NUMBER_OBJECT_CONVERSION = YES_AGGRESSIVE;
				CLANG_CXX_LANGUAGE_STANDARD = "gnu++20";
				CLANG_ENABLE_MODULES = YES;
				CLANG_ENABLE_OBJC_ARC = YES;
				CLANG_ENABLE_OBJC_WEAK = YES;
				CLANG_WARN_BLOCK_CAPTURE_AUTORELEASING = YES;
				CLANG_WARN_BOOL_CONVERSION = YES;
				CLANG_WARN_COMMA = YES;
				CLANG_WARN_CONSTANT_CONVERSION = YES;
				CLANG_WARN_DEPRECATED_OBJC_IMPLEMENTATIONS = YES;
				CLANG_WARN_DIRECT_OBJC_ISA_USAGE = YES_ERROR;
				CLANG_WARN_DOCUMENTATION_COMMENTS = YES;
				CLANG_WARN_EMPTY_BODY = YES;
				CLANG_WARN_ENUM_CONVERSION = YES;
				CLANG_WARN_INFINITE_RECURSION = YES;
				CLANG_WARN_INT_CONVERSION = YES;
				CLANG_WARN_NON_LITERAL_NULL_CONVERSION = YES;
				CLANG_WARN_OBJC_IMPLICIT_RETAIN_SELF = YES;
				CLANG_WARN_OBJC_LITERAL_CONVERSION = YES;
				CLANG_WARN_OBJC_ROOT_CLASS = YES_ERROR;
				CLANG_WARN_QUOTED_INCLUDE_IN_FRAMEWORK_HEADER = YES;
				CLANG_WARN_RANGE_LOOP_ANALYSIS = YES;
				CLANG_WARN_STRICT_PROTOTYPES = YES;
				CLANG_WARN_SUSPICIOUS_MOVE = YES;
				CLANG_WARN_UNGUARDED_AVAILABILITY = YES_AGGRESSIVE;
				CLANG_WARN_UNREACHABLE_CODE = YES;
				CLANG_WARN__DUPLICATE_METHOD_MATCH = YES;
				COPY_PHASE_STRIP = NO;
				DEBUG_INFORMATION_FORMAT = dwarf;
				ENABLE_STRICT_OBJC_MSGSEND = YES;
				ENABLE_TESTABILITY = YES;
				ENABLE_USER_SCRIPT_SANDBOXING = YES;
				GCC_C_LANGUAGE_STANDARD = gnu17;
				GCC_DYNAMIC_NO_PIC = NO;
				GCC_NO_COMMON_BLOCKS = YES;
				GCC_OPTIMIZATION_LEVEL = 0;
				GCC_PREPROCESSOR_DEFINITIONS = (
					"DEBUG=1",
					"$(inherited)",
				);
				GCC_WARN_64_TO_32_BIT_CONVERSION = YES;
				GCC_WARN_ABOUT_RETURN_TYPE = YES_ERROR;
				GCC_WARN_UNDECLARED_SELECTOR = YES;
				GCC_WARN_UNINITIALIZED_AUTOS = YES_AGGRESSIVE;
				GCC_WARN_UNUSED_FUNCTION = YES;
				GCC_WARN_UNUSED_VARIABLE = YES;
				IPHONEOS_DEPLOYMENT_TARGET = 17.5;
				LOCALIZATION_PREFERS_STRING_CATALOGS = YES;
				MTL_ENABLE_DEBUG_INFO = INCLUDE_SOURCE;
				MTL_FAST_MATH = YES;
				ONLY_ACTIVE_ARCH = YES;
				SDKROOT = iphoneos;
				SWIFT_ACTIVE_COMPILATION_CONDITIONS = "DEBUG $(inherited)";
				SWIFT_OPTIMIZATION_LEVEL = "-Onone";
			};
			name = Debug;
		};
		E86DAA3A2C36F0AC006777C2 /* Release */ = {
			isa = XCBuildConfiguration;
			buildSettings = {
				ALWAYS_SEARCH_USER_PATHS = NO;
				ASSETCATALOG_COMPILER_GENERATE_SWIFT_ASSET_SYMBOL_EXTENSIONS = YES;
				CLANG_ANALYZER_NONNULL = YES;
				CLANG_ANALYZER_NUMBER_OBJECT_CONVERSION = YES_AGGRESSIVE;
				CLANG_CXX_LANGUAGE_STANDARD = "gnu++20";
				CLANG_ENABLE_MODULES = YES;
				CLANG_ENABLE_OBJC_ARC = YES;
				CLANG_ENABLE_OBJC_WEAK = YES;
				CLANG_WARN_BLOCK_CAPTURE_AUTORELEASING = YES;
				CLANG_WARN_BOOL_CONVERSION = YES;
				CLANG_WARN_COMMA = YES;
				CLANG_WARN_CONSTANT_CONVERSION = YES;
				CLANG_WARN_DEPRECATED_OBJC_IMPLEMENTATIONS = YES;
				CLANG_WARN_DIRECT_OBJC_ISA_USAGE = YES_ERROR;
				CLANG_WARN_DOCUMENTATION_COMMENTS = YES;
				CLANG_WARN_EMPTY_BODY = YES;
				CLANG_WARN_ENUM_CONVERSION = YES;
				CLANG_WARN_INFINITE_RECURSION = YES;
				CLANG_WARN_INT_CONVERSION = YES;
				CLANG_WARN_NON_LITERAL_NULL_CONVERSION = YES;
				CLANG_WARN_OBJC_IMPLICIT_RETAIN_SELF = YES;
				CLANG_WARN_OBJC_LITERAL_CONVERSION = YES;
				CLANG_WARN_OBJC_ROOT_CLASS = YES_ERROR;
				CLANG_WARN_QUOTED_INCLUDE_IN_FRAMEWORK_HEADER = YES;
				CLANG_WARN_RANGE_LOOP_ANALYSIS = YES;
				CLANG_WARN_STRICT_PROTOTYPES = YES;
				CLANG_WARN_SUSPICIOUS_MOVE = YES;
				CLANG_WARN_UNGUARDED_AVAILABILITY = YES_AGGRESSIVE;
				CLANG_WARN_UNREACHABLE_CODE = YES;
				CLANG_WARN__DUPLICATE_METHOD_MATCH = YES;
				COPY_PHASE_STRIP = NO;
				DEBUG_INFORMATION_FORMAT = "dwarf-with-dsym";
				ENABLE_NS_ASSERTIONS = NO;
				ENABLE_STRICT_OBJC_MSGSEND = YES;
				ENABLE_USER_SCRIPT_SANDBOXING = YES;
				GCC_C_LANGUAGE_STANDARD = gnu17;
				GCC_NO_COMMON_BLOCKS = YES;
				GCC_WARN_64_TO_32_BIT_CONVERSION = YES;
				GCC_WARN_ABOUT_RETURN_TYPE = YES_ERROR;
				GCC_WARN_UNDECLARED_SELECTOR = YES;
				GCC_WARN_UNINITIALIZED_AUTOS = YES_AGGRESSIVE;
				GCC_WARN_UNUSED_FUNCTION = YES;
				GCC_WARN_UNUSED_VARIABLE = YES;
				IPHONEOS_DEPLOYMENT_TARGET = 17.5;
				LOCALIZATION_PREFERS_STRING_CATALOGS = YES;
				MTL_ENABLE_DEBUG_INFO = NO;
				MTL_FAST_MATH = YES;
				SDKROOT = iphoneos;
				SWIFT_COMPILATION_MODE = wholemodule;
				VALIDATE_PRODUCT = YES;
			};
			name = Release;
		};
		E86DAA3C2C36F0AC006777C2 /* Debug */ = {
			isa = XCBuildConfiguration;
			buildSettings = {
				ASSETCATALOG_COMPILER_APPICON_NAME = AppIcon;
				ASSETCATALOG_COMPILER_GLOBAL_ACCENT_COLOR_NAME = AccentColor;
				CODE_SIGN_STYLE = Automatic;
				CURRENT_PROJECT_VERSION = 1;
				DEVELOPMENT_ASSET_PATHS = "\"Social-Media/Preview Content\"";
				DEVELOPMENT_TEAM = 9ZR9YLQLYW;
				ENABLE_PREVIEWS = YES;
				GENERATE_INFOPLIST_FILE = YES;
				INFOPLIST_KEY_UIApplicationSceneManifest_Generation = YES;
				INFOPLIST_KEY_UIApplicationSupportsIndirectInputEvents = YES;
				INFOPLIST_KEY_UILaunchScreen_Generation = YES;
				INFOPLIST_KEY_UISupportedInterfaceOrientations_iPad = "UIInterfaceOrientationPortrait UIInterfaceOrientationPortraitUpsideDown UIInterfaceOrientationLandscapeLeft UIInterfaceOrientationLandscapeRight";
				INFOPLIST_KEY_UISupportedInterfaceOrientations_iPhone = "UIInterfaceOrientationPortrait UIInterfaceOrientationLandscapeLeft UIInterfaceOrientationLandscapeRight";
				LD_RUNPATH_SEARCH_PATHS = (
					"$(inherited)",
					"@executable_path/Frameworks",
				);
				MARKETING_VERSION = 1.0;
				PRODUCT_BUNDLE_IDENTIFIER = "com.rabieHs.Social-Media";
				PRODUCT_NAME = "$(TARGET_NAME)";
				SWIFT_EMIT_LOC_STRINGS = YES;
				SWIFT_VERSION = 5.0;
				TARGETED_DEVICE_FAMILY = "1,2";
			};
			name = Debug;
		};
		E86DAA3D2C36F0AC006777C2 /* Release */ = {
			isa = XCBuildConfiguration;
			buildSettings = {
				ASSETCATALOG_COMPILER_APPICON_NAME = AppIcon;
				ASSETCATALOG_COMPILER_GLOBAL_ACCENT_COLOR_NAME = AccentColor;
				CODE_SIGN_STYLE = Automatic;
				CURRENT_PROJECT_VERSION = 1;
				DEVELOPMENT_ASSET_PATHS = "\"Social-Media/Preview Content\"";
				DEVELOPMENT_TEAM = 9ZR9YLQLYW;
				ENABLE_PREVIEWS = YES;
				GENERATE_INFOPLIST_FILE = YES;
				INFOPLIST_KEY_UIApplicationSceneManifest_Generation = YES;
				INFOPLIST_KEY_UIApplicationSupportsIndirectInputEvents = YES;
				INFOPLIST_KEY_UILaunchScreen_Generation = YES;
				INFOPLIST_KEY_UISupportedInterfaceOrientations_iPad = "UIInterfaceOrientationPortrait UIInterfaceOrientationPortraitUpsideDown UIInterfaceOrientationLandscapeLeft UIInterfaceOrientationLandscapeRight";
				INFOPLIST_KEY_UISupportedInterfaceOrientations_iPhone = "UIInterfaceOrientationPortrait UIInterfaceOrientationLandscapeLeft UIInterfaceOrientationLandscapeRight";
				LD_RUNPATH_SEARCH_PATHS = (
					"$(inherited)",
					"@executable_path/Frameworks",
				);
				MARKETING_VERSION = 1.0;
				PRODUCT_BUNDLE_IDENTIFIER = "com.rabieHs.Social-Media";
				PRODUCT_NAME = "$(TARGET_NAME)";
				SWIFT_EMIT_LOC_STRINGS = YES;
				SWIFT_VERSION = 5.0;
				TARGETED_DEVICE_FAMILY = "1,2";
			};
			name = Release;
		};
/* End XCBuildConfiguration section */

/* Begin XCConfigurationList section */
		E86DAA282C36F0AB006777C2 /* Build configuration list for PBXProject "Social-Media" */ = {
			isa = XCConfigurationList;
			buildConfigurations = (
				E86DAA392C36F0AC006777C2 /* Debug */,
				E86DAA3A2C36F0AC006777C2 /* Release */,
			);
			defaultConfigurationIsVisible = 0;
			defaultConfigurationName = Release;
		};
		E86DAA3B2C36F0AC006777C2 /* Build configuration list for PBXNativeTarget "Social-Media" */ = {
			isa = XCConfigurationList;
			buildConfigurations = (
				E86DAA3C2C36F0AC006777C2 /* Debug */,
				E86DAA3D2C36F0AC006777C2 /* Release */,
			);
			defaultConfigurationIsVisible = 0;
			defaultConfigurationName = Release;
		};
/* End XCConfigurationList section */
	};
	rootObject = E86DAA252C36F0AB006777C2 /* Project object */;
}
